
Microsoft Visual Studio Solution File, Format Version 12.00
# Visual Studio 15
VisualStudioVersion = 15.0.28307.852
MinimumVisualStudioVersion = 10.0.40219.1
Project("{8BC9CEB8-8B4A-11D0-8D11-00A0C91BC942}") = "Template", "Template.vcxproj", "{3BCB4C73-71F6-43B6-803D-41411F92652A}"
EndProject
Global
	GlobalSection(SolutionConfigurationPlatforms) = preSolution
		Debug HWA|x86 = Debug HWA|x86
		Debug Unicode|x86 = Debug Unicode|x86
		Debug|x86 = Debug|x86
		Edittime HWA|x86 = Edittime HWA|x86
		Edittime Unicode|x86 = Edittime Unicode|x86
		Edittime|x86 = Edittime|x86
		Runtime HWA|x86 = Runtime HWA|x86
		Runtime Unicode|x86 = Runtime Unicode|x86
		Runtime|x86 = Runtime|x86
	EndGlobalSection
	GlobalSection(ProjectConfigurationPlatforms) = postSolution
		{3BCB4C73-71F6-43B6-803D-41411F92652A}.Debug HWA|x86.ActiveCfg = Debug HWA|Win32
		{3BCB4C73-71F6-43B6-803D-41411F92652A}.Debug HWA|x86.Build.0 = Debug HWA|Win32
		{3BCB4C73-71F6-43B6-803D-41411F92652A}.Debug Unicode|x86.ActiveCfg = Debug Unicode|Win32
		{3BCB4C73-71F6-43B6-803D-41411F92652A}.Debug Unicode|x86.Build.0 = Debug Unicode|Win32
		{3BCB4C73-71F6-43B6-803D-41411F92652A}.Debug|x86.ActiveCfg = Debug|Win32
		{3BCB4C73-71F6-43B6-803D-41411F92652A}.Debug|x86.Build.0 = Debug|Win32
		{3BCB4C73-71F6-43B6-803D-41411F92652A}.Edittime HWA|x86.ActiveCfg = Edittime HWA|Win32
		{3BCB4C73-71F6-43B6-803D-41411F92652A}.Edittime HWA|x86.Build.0 = Edittime HWA|Win32
		{3BCB4C73-71F6-43B6-803D-41411F92652A}.Edittime Unicode|x86.ActiveCfg = Edittime Unicode|Win32
		{3BCB4C73-71F6-43B6-803D-41411F92652A}.Edittime Unicode|x86.Build.0 = Edittime Unicode|Win32
		{3BCB4C73-71F6-43B6-803D-41411F92652A}.Edittime|x86.ActiveCfg = Edittime|Win32
		{3BCB4C73-71F6-43B6-803D-41411F92652A}.Edittime|x86.Build.0 = Edittime|Win32
		{3BCB4C73-71F6-43B6-803D-41411F92652A}.Runtime HWA|x86.ActiveCfg = Runtime HWA|Win32
		{3BCB4C73-71F6-43B6-803D-41411F92652A}.Runtime HWA|x86.Build.0 = Runtime HWA|Win32
		{3BCB4C73-71F6-43B6-803D-41411F92652A}.Runtime Unicode|x86.ActiveCfg = Runtime Unicode|Win32
		{3BCB4C73-71F6-43B6-803D-41411F92652A}.Runtime Unicode|x86.Build.0 = Runtime Unicode|Win32
		{3BCB4C73-71F6-43B6-803D-41411F92652A}.Runtime|x86.ActiveCfg = Runtime|Win32
		{3BCB4C73-71F6-43B6-803D-41411F92652A}.Runtime|x86.Build.0 = Runtime|Win32
	EndGlobalSection
	GlobalSection(SolutionProperties) = preSolution
		HideSolutionNode = FALSE
	EndGlobalSection
	GlobalSection(ExtensibilityGlobals) = postSolution
		SolutionGuid = {799EFEE2-B0E4-4878-AE54-A072BAAB0068}
	EndGlobalSection
EndGlobal
